
Microsoft Visual Studio Solution File, Format Version 12.00
# Visual Studio 15
VisualStudioVersion = 15.0.27703.2042
MinimumVisualStudioVersion = 10.0.40219.1
Project("{FAE04EC0-301F-11D3-BF4B-00C04F79EFBC}") = "BackUp", "BackUp\BackUp.csproj", "{809D4E64-28B8-452D-B2FC-D847EAF218DA}"
EndProject
Global
	GlobalSection(SolutionConfigurationPlatforms) = preSolution
		Debug|Any CPU = Debug|Any CPU
		Release|Any CPU = Release|Any CPU
	EndGlobalSection
	GlobalSection(ProjectConfigurationPlatforms) = postSolution
		{809D4E64-28B8-452D-B2FC-D847EAF218DA}.Debug|Any CPU.ActiveCfg = Debug|Any CPU
		{809D4E64-28B8-452D-B2FC-D847EAF218DA}.Debug|Any CPU.Build.0 = Debug|Any CPU
		{809D4E64-28B8-452D-B2FC-D847EAF218DA}.Release|Any CPU.ActiveCfg = Release|Any CPU
		{809D4E64-28B8-452D-B2FC-D847EAF218DA}.Release|Any CPU.Build.0 = Release|Any CPU
	EndGlobalSection
	GlobalSection(SolutionProperties) = preSolution
		HideSolutionNode = FALSE
	EndGlobalSection
	GlobalSection(ExtensibilityGlobals) = postSolution
		SolutionGuid = {6ECA9ECB-D960-4114-A8B9-5372A4186D1E}
	EndGlobalSection
EndGlobal
